<?xml version="1.0" encoding="utf-8"?>
<Project ToolsVersion="4.0" xmlns="http://schemas.microsoft.com/developer/msbuild/2003">
  <ItemGroup>
    <Filter Include="源文件">
      <UniqueIdentifier>{4FC737F1-C7A5-4376-A066-2A32D752A2FF}</UniqueIdentifier>
      <Extensions>cpp;c;cc;cxx;c++;cppm;ixx;def;odl;idl;hpj;bat;asm;asmx</Extensions>
    </Filter>
    <Filter Include="头文件">
      <UniqueIdentifier>{93995380-89BD-4b04-88EB-625FBE52EBFB}</UniqueIdentifier>
      <Extensions>h;hh;hpp;hxx;h++;hm;inl;inc;ipp;xsd</Extensions>
    </Filter>
    <Filter Include="资源文件">
      <UniqueIdentifier>{67DA6AB6-F800-4c08-8B7A-83BB121AAD01}</UniqueIdentifier>
      <Extensions>rc;ico;cur;bmp;dlg;rc2;rct;bin;rgs;gif;jpg;jpeg;jpe;resx;tiff;tif;png;wav;mfcribbon-ms</Extensions>
    </Filter>
    <Filter Include="核心">
      <UniqueIdentifier>{E6F6E9BB-7BB6-4DD0-A99C-4F2BA9C1B7EE}</UniqueIdentifier>
    </Filter>
    <Filter Include="领域\合同">
      <UniqueIdentifier>{29CE4862-8424-4D66-B8A3-286328664540}</UniqueIdentifier>
    </Filter>
  </ItemGroup>
  <ItemGroup>
    <ClCompile Include="海中鱼巣\启动.程序入口.cpp">
      <Filter>源文件</Filter>
    </ClCompile>
    <ClInclude Include="海中鱼巣\装配.普通应用.h">
      <Filter>头文件</Filter>
    </ClInclude>
    <ClCompile Include="海中鱼巣\装配.普通应用.cpp">
      <Filter>源文件</Filter>
    </ClCompile>
    <ClInclude Include="海中鱼巣\启动.应用程序.h">
      <Filter>头文件</Filter>
    </ClInclude>
    <ClCompile Include="海中鱼巣\启动.应用程序.cpp">
      <Filter>源文件</Filter>
    </ClCompile>
    <ClCompile Include="海中鱼巣\界面\宿主.网页对话.cpp">
      <Filter>源文件</Filter>
    </ClCompile>
    <ClInclude Include="海中鱼巣\界面\宿主.网页对话.h">
      <Filter>头文件</Filter>
    </ClInclude>
    <ClCompile Include="海中鱼巣\启动.程序运行宿主.cpp">
      <Filter>源文件</Filter>
    </ClCompile>
    <ClInclude Include="海中鱼巣\启动.程序运行宿主.h">
      <Filter>头文件</Filter>
    </ClInclude>
    <ClCompile Include="海中鱼巣\适配\适配器.单调时钟.cpp">
      <Filter>源文件</Filter>
    </ClCompile>
    <ClCompile Include="海中鱼巣\适配\适配器.UTC时钟.cpp">
      <Filter>源文件</Filter>
    </ClCompile>
    <ClCompile Include="海中鱼巣\适配\采集器.D455相机.cpp">
      <Filter>源文件</Filter>
    </ClCompile>
    <ClCompile Include="海中鱼巣\入口.cpp">
      <Filter>源文件</Filter>
    </ClCompile>
  </ItemGroup>
  <ItemGroup>
    <ClInclude Include="海中鱼巣\启动选项.数据.h">
      <Filter>头文件</Filter>
    </ClInclude>
    <ClInclude Include="海中鱼巣\适配\协议.D455采样材料.h">
      <Filter>头文件</Filter>
    </ClInclude>
    <ClCompile Include="海中鱼巣\适配\协议.D455采样材料.cpp">
      <Filter>源文件</Filter>
    </ClCompile>
    <ClInclude Include="海中鱼巣\适配\采集器.D455相机.h">
      <Filter>头文件</Filter>
    </ClInclude>
    <ClInclude Include="海中鱼巣\线程\投影.线程生命周期.h">
      <Filter>头文件</Filter>
    </ClInclude>
    <ClInclude Include="海中鱼巣\线程\运行消息协议.h">
      <Filter>头文件</Filter>
    </ClInclude>
    <ClInclude Include="海中鱼巣\线程\有界运行消息队列.h">
      <Filter>头文件</Filter>
    </ClInclude>
    <ClInclude Include="海中鱼巣\线程\运行宿主线程.h">
      <Filter>头文件</Filter>
    </ClInclude>
    <ClInclude Include="海中鱼巣\线程\外设采样材料线程.h">
      <Filter>头文件</Filter>
    </ClInclude>
    <ClInclude Include="海中鱼巣\领域\服务.完整秒时钟.h">
      <Filter>头文件</Filter>
    </ClInclude>
    <ClInclude Include="海中鱼巣\启动.程序入口.h">
      <Filter>头文件</Filter>
    </ClInclude>
    <ClInclude Include="海中鱼巣\线程\缓存.D455帧材料.h">
      <Filter>头文件</Filter>
    </ClInclude>
    <ClInclude Include="海中鱼巣\线程\上行桥.D455采样材料.h">
      <Filter>头文件</Filter>
    </ClInclude>
    <ClInclude Include="海中鱼巣\线程\候选.支持线程.h">
      <Filter>头文件</Filter>
    </ClInclude>
    <ClCompile Include="海中鱼巣\线程\候选.支持线程.cpp">
      <Filter>源文件</Filter>
    </ClCompile>
    <ClInclude Include="海中鱼巣\线程\运行.事件日志线程.h">
      <Filter>头文件</Filter>
    </ClInclude>
    <ClCompile Include="海中鱼巣\线程\运行.事件日志线程.cpp">
      <Filter>源文件</Filter>
    </ClCompile>
    <ClInclude Include="海中鱼巣\适配\适配器.单调时钟.h">
      <Filter>头文件</Filter>
    </ClInclude>
    <ClInclude Include="海中鱼巣\适配\适配器.UTC时钟.h">
      <Filter>头文件</Filter>
    </ClInclude>
    <ClInclude Include="海中鱼巣\程序运行结果.数据.h">
      <Filter>头文件</Filter>
    </ClInclude>
    <ClInclude Include="海中鱼巣\线程\线程生命周期.数据.h">
      <Filter>头文件</Filter>
    </ClInclude>
    <ClInclude Include="海中鱼巣\线程\支持线程候选.数据.h">
      <Filter>头文件</Filter>
    </ClInclude>
    <ClInclude Include="海中鱼巣\线程\事件日志线程.数据.h">
      <Filter>头文件</Filter>
    </ClInclude>
    <ClInclude Include="海中鱼巣\核心\基础数据集.h">
      <Filter>头文件</Filter>
    </ClInclude>
    <ClCompile Include="海中鱼巣\核心\基础数据集.cpp">
      <Filter>源文件</Filter>
    </ClCompile>
    <ClInclude Include="海中鱼巣\领域\新_自然语言世界树类.h">
      <Filter>头文件</Filter>
    </ClInclude>
    <ClCompile Include="海中鱼巣\领域\新_自然语言世界树类.cpp">
      <Filter>源文件</Filter>
    </ClCompile>
    <ClInclude Include="海中鱼巣\领域\新_语言类.h">
      <Filter>头文件</Filter>
    </ClInclude>
    <ClCompile Include="海中鱼巣\领域\新_语言类.cpp">
      <Filter>源文件</Filter>
    </ClCompile>
    <ClInclude Include="海中鱼巣\领域\新_词类.h">
      <Filter>头文件</Filter>
    </ClInclude>
    <ClCompile Include="海中鱼巣\领域\新_词类.cpp">
      <Filter>源文件</Filter>
    </ClCompile>
    <ClInclude Include="海中鱼巣\领域\概念_名称关系类.h">
      <Filter>头文件</Filter>
    </ClInclude>
    <ClCompile Include="海中鱼巣\领域\概念_名称关系类.cpp">
      <Filter>源文件</Filter>
    </ClCompile>
    <ClInclude Include="海中鱼巣\领域\新_特征值类.h">
      <Filter>头文件</Filter>
    </ClInclude>
    <ClCompile Include="海中鱼巣\领域\新_特征值类.cpp">
      <Filter>源文件</Filter>
    </ClCompile>
    <ClInclude Include="海中鱼巣\领域\概念_特征类.h">
      <Filter>头文件</Filter>
    </ClInclude>
    <ClCompile Include="海中鱼巣\领域\概念_特征类.cpp">
      <Filter>源文件</Filter>
    </ClCompile>
    <ClInclude Include="海中鱼巣\领域\新_特征类.h">
      <Filter>头文件</Filter>
    </ClInclude>
    <ClCompile Include="海中鱼巣\领域\新_特征类.cpp">
      <Filter>源文件</Filter>
    </ClCompile>
    <ClInclude Include="海中鱼巣\领域\概念_二次特征类.h">
      <Filter>头文件</Filter>
    </ClInclude>
    <ClCompile Include="海中鱼巣\领域\概念_二次特征类.cpp">
      <Filter>源文件</Filter>
    </ClCompile>
    <ClInclude Include="海中鱼巣\领域\新_二次特征类.h">
      <Filter>头文件</Filter>
    </ClInclude>
    <ClCompile Include="海中鱼巣\领域\新_二次特征类.cpp">
      <Filter>源文件</Filter>
    </ClCompile>
    <ClInclude Include="海中鱼巣\业务\新_动态特征抽取类.h">
      <Filter>头文件</Filter>
    </ClInclude>
    <ClCompile Include="海中鱼巣\业务\新_动态特征抽取类.cpp">
      <Filter>源文件</Filter>
    </ClCompile>
    <ClInclude Include="海中鱼巣\业务\新_动态概念抽象类.h">
      <Filter>头文件</Filter>
    </ClInclude>
    <ClCompile Include="海中鱼巣\业务\新_动态概念抽象类.cpp">
      <Filter>源文件</Filter>
    </ClCompile>
    <ClInclude Include="海中鱼巣\业务\新_世界树类.h">
      <Filter>头文件</Filter>
    </ClInclude>
    <ClCompile Include="海中鱼巣\业务\新_世界树类.cpp">
      <Filter>源文件</Filter>
    </ClCompile>
    <ClInclude Include="海中鱼巣\线程\新_自我线程类.h">
      <Filter>头文件</Filter>
    </ClInclude>
    <ClInclude Include="海中鱼巣\线程\新_任务管理线程类.h">
      <Filter>头文件</Filter>
    </ClInclude>
    <ClCompile Include="海中鱼巣\线程\新_任务管理线程类.cpp">
      <Filter>源文件</Filter>
    </ClCompile>
    <ClInclude Include="海中鱼巣\线程\新_任务工作线程类.h">
      <Filter>头文件</Filter>
    </ClInclude>
    <ClCompile Include="海中鱼巣\线程\新_任务工作线程类.cpp">
      <Filter>源文件</Filter>
    </ClCompile>
    <ClCompile Include="海中鱼巣\线程\新_自我线程类.cpp">
      <Filter>源文件</Filter>
    </ClCompile>
    <ClInclude Include="海中鱼巣\领域\概念_存在类.h">
      <Filter>头文件</Filter>
    </ClInclude>
    <ClCompile Include="海中鱼巣\领域\概念_存在类.cpp">
      <Filter>源文件</Filter>
    </ClCompile>
    <ClInclude Include="海中鱼巣\领域\新_存在类.h">
      <Filter>头文件</Filter>
    </ClInclude>
    <ClCompile Include="海中鱼巣\领域\新_存在类.cpp">
      <Filter>源文件</Filter>
    </ClCompile>
    <ClInclude Include="海中鱼巣\领域\新_场景类.h">
      <Filter>头文件</Filter>
    </ClInclude>
    <ClCompile Include="海中鱼巣\领域\新_场景类.cpp">
      <Filter>源文件</Filter>
    </ClCompile>
    <ClInclude Include="海中鱼巣\领域\新_状态类.h">
      <Filter>头文件</Filter>
    </ClInclude>
    <ClCompile Include="海中鱼巣\领域\新_状态类.cpp">
      <Filter>源文件</Filter>
    </ClCompile>
    <ClInclude Include="海中鱼巣\领域\概念_动态类.h">
      <Filter>头文件</Filter>
    </ClInclude>
    <ClCompile Include="海中鱼巣\领域\概念_动态类.cpp">
      <Filter>源文件</Filter>
    </ClCompile>
    <ClInclude Include="海中鱼巣\领域\新_动态类.h">
      <Filter>头文件</Filter>
    </ClInclude>
    <ClCompile Include="海中鱼巣\领域\新_动态类.cpp">
      <Filter>源文件</Filter>
    </ClCompile>
    <ClInclude Include="海中鱼巣\领域\新_需求类.h">
      <Filter>头文件</Filter>
    </ClInclude>
    <ClCompile Include="海中鱼巣\领域\新_需求类.cpp">
      <Filter>源文件</Filter>
    </ClCompile>
    <ClInclude Include="海中鱼巣\领域\新_任务类.h">
      <Filter>头文件</Filter>
    </ClInclude>
    <ClCompile Include="海中鱼巣\领域\新_任务类.cpp">
      <Filter>源文件</Filter>
    </ClCompile>
    <ClInclude Include="海中鱼巣\领域\新_方法公共类型.h">
      <Filter>头文件</Filter>
    </ClInclude>
    <ClInclude Include="海中鱼巣\领域\新_方法参数场景.h">
      <Filter>头文件</Filter>
    </ClInclude>
    <ClCompile Include="海中鱼巣\领域\新_方法参数场景.cpp">
      <Filter>源文件</Filter>
    </ClCompile>
    <ClInclude Include="海中鱼巣\领域\新_方法类.h">
      <Filter>头文件</Filter>
    </ClInclude>
    <ClCompile Include="海中鱼巣\领域\新_方法类.cpp">
      <Filter>源文件</Filter>
    </ClCompile>
    <ClInclude Include="海中鱼巣\领域\新_本能函数集.h">
      <Filter>头文件</Filter>
    </ClInclude>
    <ClCompile Include="海中鱼巣\领域\新_本能函数集.cpp">
      <Filter>源文件</Filter>
    </ClCompile>
    <ClInclude Include="海中鱼巣\领域\新_本能函数管理类.h">
      <Filter>头文件</Filter>
    </ClInclude>
    <ClCompile Include="海中鱼巣\领域\新_本能函数管理类.cpp">
      <Filter>源文件</Filter>
    </ClCompile>
    <ClInclude Include="海中鱼巣\领域\新_因果公共类型.h">
      <Filter>头文件</Filter>
    </ClInclude>
    <ClInclude Include="海中鱼巣\领域\新_因果类.h">
      <Filter>头文件</Filter>
    </ClInclude>
    <ClCompile Include="海中鱼巣\领域\新_因果类.cpp">
      <Filter>源文件</Filter>
    </ClCompile>
    <ClInclude Include="海中鱼巣\核心\日志系统.h">
      <Filter>头文件</Filter>
    </ClInclude>
    <ClInclude Include="海中鱼巣\核心\容错检查.h">
      <Filter>头文件</Filter>
    </ClInclude>
  </ItemGroup>
</Project>
