<?xml version="1.0" encoding="utf-8"?>
<Project ToolsVersion="4.0" xmlns="http://schemas.microsoft.com/developer/msbuild/2003">
  <ItemGroup>
    <ClCompile Include="海中鱼巣\领域\合同.L2结构公共.ixx">
      <Filter>源文件</Filter>
    </ClCompile>
    <ClCompile Include="海中鱼巣\领域\服务.不可变材料.ixx">
      <Filter>源文件</Filter>
    </ClCompile>
    <ClCompile Include="海中鱼巣\领域\服务.L2场景结构.ixx">
      <Filter>源文件</Filter>
    </ClCompile>
    <ClCompile Include="海中鱼巣\领域\服务.L2存在结构.ixx">
      <Filter>源文件</Filter>
    </ClCompile>
    <ClCompile Include="海中鱼巣\领域\服务.L2特征结构.ixx">
      <Filter>源文件</Filter>
    </ClCompile>
    <ClCompile Include="海中鱼巣\领域\服务.L2状态结构.ixx">
      <Filter>源文件</Filter>
    </ClCompile>
    <ClCompile Include="海中鱼巣\领域\服务.L2动态结构.ixx">
      <Filter>源文件</Filter>
    </ClCompile>
    <ClCompile Include="海中鱼巣\领域\服务.L2因果结构.ixx">
      <Filter>源文件</Filter>
    </ClCompile>
    <ClCompile Include="海中鱼巣\领域\服务.L2概念结构.ixx">
      <Filter>源文件</Filter>
    </ClCompile>
    <ClCompile Include="海中鱼巣\领域\服务.L2概念结构聚合.ixx">
      <Filter>源文件</Filter>
    </ClCompile>
    <ClCompile Include="海中鱼巣\领域\服务.L2概念名称结构.ixx">
      <Filter>源文件</Filter>
    </ClCompile>
    <ClCompile Include="海中鱼巣\领域\服务.L2方法结构.ixx">
      <Filter>源文件</Filter>
    </ClCompile>
    <ClCompile Include="海中鱼巣\领域\服务.L2语言结构.ixx">
      <Filter>源文件</Filter>
    </ClCompile>
    <ClCompile Include="海中鱼巣\领域\服务.L2方法结构聚合.ixx">
      <Filter>源文件</Filter>
    </ClCompile>
    <ClCompile Include="海中鱼巣\领域\服务.L2结构聚合.ixx">
      <Filter>源文件</Filter>
    </ClCompile>
    <ClCompile Include="海中鱼巣\领域\服务.L2任务子目标承接记录结构.ixx">
      <Filter>源文件</Filter>
    </ClCompile>
    <ClCompile Include="海中鱼巣\领域\服务.需求任务子目标承接.ixx">
      <Filter>源文件</Filter>
    </ClCompile>
    <ClCompile Include="海中鱼巣\领域\组合.运行期只读查询.ixx">
      <Filter>源文件</Filter>
    </ClCompile>
    <Filter Include="源文件">
      <UniqueIdentifier>{4FC737F1-C7A5-4376-A066-2A32D752A2FF}</UniqueIdentifier>
      <Extensions>cpp;c;cc;cxx;c++;cppm;ixx;def;odl;idl;hpj;bat;asm;asmx</Extensions>
    </Filter>
    <Filter Include="头文件">
      <UniqueIdentifier>{93995380-89BD-4b04-88EB-625FBE52EBFB}</UniqueIdentifier>
      <Extensions>h;hh;hpp;hxx;h++;hm;inl;inc;ipp;xsd</Extensions>
    </Filter>
    <Filter Include="资源文件">
      <UniqueIdentifier>{67DA6AB6-F800-4c08-8B7A-83BB121AAD01}</UniqueIdentifier>
      <Extensions>rc;ico;cur;bmp;dlg;rc2;rct;bin;rgs;gif;jpg;jpeg;jpe;resx;tiff;tif;png;wav;mfcribbon-ms</Extensions>
    </Filter>
    <Filter Include="核心">
      <UniqueIdentifier>{E6F6E9BB-7BB6-4DD0-A99C-4F2BA9C1B7EE}</UniqueIdentifier>
    </Filter>
  </ItemGroup>
  <ItemGroup>
    <ClInclude Include="海中鱼巣\领域\L2结构公共.数据.h">
      <Filter>头文件</Filter>
    </ClInclude>
    <ClInclude Include="海中鱼巣\领域\不可变材料.数据.h">
      <Filter>头文件</Filter>
    </ClInclude>
    <ClInclude Include="海中鱼巣\领域\L2语言结构.数据.h">
      <Filter>头文件</Filter>
    </ClInclude>
    <ClInclude Include="海中鱼巣\领域\L2场景结构.数据.h">
      <Filter>头文件</Filter>
    </ClInclude>
    <ClInclude Include="海中鱼巣\领域\L2存在结构.数据.h">
      <Filter>头文件</Filter>
    </ClInclude>
    <ClInclude Include="海中鱼巣\领域\L2特征结构.数据.h">
      <Filter>头文件</Filter>
    </ClInclude>
    <ClInclude Include="海中鱼巣\领域\L2状态结构.数据.h">
      <Filter>头文件</Filter>
    </ClInclude>
    <ClInclude Include="海中鱼巣\领域\L2动态结构.数据.h">
      <Filter>头文件</Filter>
    </ClInclude>
    <ClInclude Include="海中鱼巣\领域\L2因果结构.数据.h">
      <Filter>头文件</Filter>
    </ClInclude>
    <ClInclude Include="海中鱼巣\领域\L2概念结构.数据.h">
      <Filter>头文件</Filter>
    </ClInclude>
    <ClInclude Include="海中鱼巣\领域\L2普通概念结构.数据.h">
      <Filter>头文件</Filter>
    </ClInclude>
    <ClInclude Include="海中鱼巣\领域\L2概念名称结构.数据.h">
      <Filter>头文件</Filter>
    </ClInclude>
    <ClInclude Include="海中鱼巣\领域\L2方法结构.数据.h">
      <Filter>头文件</Filter>
    </ClInclude>
    <ClInclude Include="海中鱼巣\领域\L2普通方法结构.数据.h">
      <Filter>头文件</Filter>
    </ClInclude>
    <ClInclude Include="海中鱼巣\领域\L2任务子目标承接记录.数据.h">
      <Filter>头文件</Filter>
    </ClInclude>
    <ClInclude Include="海中鱼巣\业务\系统世界树根初始化.数据.h">
      <Filter>头文件</Filter>
    </ClInclude>
    <ClInclude Include="海中鱼巣\业务\初始化.系统世界树根.inl">
      <Filter>头文件</Filter>
    </ClInclude>
    <ClInclude Include="海中鱼巣\业务\自我世界树根消费.数据.h">
      <Filter>头文件</Filter>
    </ClInclude>
    <ClInclude Include="海中鱼巣\业务\消费.自我世界树根.inl">
      <Filter>头文件</Filter>
    </ClInclude>
    <ClCompile Include="海中鱼巣\启动.程序入口.ixx">
      <Filter>源文件</Filter>
    </ClCompile>
    <ClCompile Include="海中鱼巣\启动.应用程序.ixx">
      <Filter>源文件</Filter>
    </ClCompile>
    <ClCompile Include="海中鱼巣\装配.普通应用.ixx">
      <Filter>源文件</Filter>
    </ClCompile>
    <ClCompile Include="海中鱼巣\启动.程序运行宿主.ixx">
      <Filter>源文件</Filter>
    </ClCompile>
    <ClCompile Include="海中鱼巣\核心\仓库.L1事实基座.ixx">
      <Filter>源文件</Filter>
    </ClCompile>
    <ClCompile Include="海中鱼巣\核心\服务.L1事实基座.ixx">
      <Filter>源文件</Filter>
    </ClCompile>
    <ClCompile Include="海中鱼巣\核心\合同.L1中性CRUD.ixx">
      <Filter>源文件</Filter>
    </ClCompile>
    <ClCompile Include="海中鱼巣\核心\合同.L1所有者范围CRUD.ixx">
      <Filter>源文件</Filter>
    </ClCompile>
    <ClCompile Include="海中鱼巣\线程\运行消息协议.ixx">
      <Filter>源文件</Filter>
    </ClCompile>
    <ClCompile Include="海中鱼巣\适配\协议.D455采样材料.ixx">
      <Filter>源文件</Filter>
    </ClCompile>
    <ClCompile Include="海中鱼巣\适配\适配器.单调时钟.ixx">
      <Filter>源文件</Filter>
    </ClCompile>
    <ClCompile Include="海中鱼巣\适配\采集器.D455相机.ixx">
      <Filter>源文件</Filter>
    </ClCompile>
    <ClCompile Include="海中鱼巣\线程\缓存.D455帧材料.ixx">
      <Filter>源文件</Filter>
    </ClCompile>
    <ClCompile Include="海中鱼巣\线程\上行桥.D455采样材料.ixx">
      <Filter>源文件</Filter>
    </ClCompile>
    <ClCompile Include="海中鱼巣\线程\自我治理消息协议.ixx">
      <Filter>源文件</Filter>
    </ClCompile>
    <ClCompile Include="海中鱼巣\线程\协议.任务执行请求.ixx">
      <Filter>源文件</Filter>
    </ClCompile>
    <ClCompile Include="海中鱼巣\线程\任务结果回执协议.ixx">
      <Filter>源文件</Filter>
    </ClCompile>
    <ClCompile Include="海中鱼巣\线程\协议.任务重筹办意图.ixx">
      <Filter>源文件</Filter>
    </ClCompile>
    <ClCompile Include="海中鱼巣\线程\有界自我治理队列.ixx">
      <Filter>源文件</Filter>
    </ClCompile>
    <ClCompile Include="海中鱼巣\线程\投影.线程生命周期.ixx">
      <Filter>源文件</Filter>
    </ClCompile>
    <ClCompile Include="海中鱼巣\线程\候选.支持线程.ixx">
      <Filter>源文件</Filter>
    </ClCompile>
    <ClCompile Include="海中鱼巣\线程\运行.事件日志线程.ixx">
      <Filter>源文件</Filter>
    </ClCompile>
    <ClCompile Include="海中鱼巣\线程\有界运行消息队列.ixx">
      <Filter>源文件</Filter>
    </ClCompile>
    <ClCompile Include="海中鱼巣\线程\运行宿主线程.ixx">
      <Filter>源文件</Filter>
    </ClCompile>
    <ClCompile Include="海中鱼巣\线程\任务管理线程.ixx">
      <Filter>源文件</Filter>
    </ClCompile>
    <ClCompile Include="海中鱼巣\线程\上行桥.任务实际结果.ixx">
      <Filter>源文件</Filter>
    </ClCompile>
    <ClCompile Include="海中鱼巣\线程\任务工作线程.ixx">
      <Filter>源文件</Filter>
    </ClCompile>
    <ClCompile Include="海中鱼巣\线程\运行包.任务结果生产.ixx">
      <Filter>源文件</Filter>
    </ClCompile>
    <ClCompile Include="海中鱼巣\线程\外设采样材料线程.ixx">
      <Filter>源文件</Filter>
    </ClCompile>
    <ClCompile Include="海中鱼巣\入口.cpp">
      <Filter>源文件</Filter>
    </ClCompile>
    <ClCompile Include="海中鱼巣\端到端测试.需求服务.ixx">
      <Filter>源文件</Filter>
    </ClCompile>
    <ClCompile Include="海中鱼巣\端到端测试.自我治理一致事实.ixx">
      <Filter>源文件</Filter>
    </ClCompile>
    <ClCompile Include="海中鱼巣\领域\内部治理\服务.任务特征方法查找与条件提议.ixx">
      <Filter>源文件</Filter>
    </ClCompile>
    <ClCompile Include="海中鱼巣\领域\内部治理\服务.任务筹办当前就绪与执行冻结.ixx">
      <Filter>源文件</Filter>
    </ClCompile>
    <ClCompile Include="海中鱼巣\领域\内部治理\服务.任务目标未达成重筹办触发.ixx">
      <Filter>源文件</Filter>
    </ClCompile>
    <ClCompile Include="海中鱼巣\领域\内部治理\服务.需求初次筹办准备.ixx">
      <Filter>源文件</Filter>
    </ClCompile>
    <ClCompile Include="海中鱼巣\领域\内部治理\服务.任务子目标回流重判.ixx">
      <Filter>源文件</Filter>
    </ClCompile>
    <ClCompile Include="海中鱼巣\领域\服务.L2治理函数骨架.ixx">
      <Filter>源文件</Filter>
    </ClCompile>
    <ClCompile Include="海中鱼巣\领域\服务.完整秒时钟.ixx">
      <Filter>源文件</Filter>
    </ClCompile>
    <ClCompile Include="海中鱼巣\领域\组合.运行期事实版本.ixx">
      <Filter>源文件</Filter>
    </ClCompile>
    <ClCompile Include="海中鱼巣\线程\路由.自我治理批次.ixx">
      <Filter>源文件</Filter>
    </ClCompile>
  </ItemGroup>
  <ItemGroup>
    <ClInclude Include="海中鱼巣\启动选项.数据.h">
      <Filter>头文件</Filter>
    </ClInclude>
    <ClInclude Include="海中鱼巣\程序运行结果.数据.h">
      <Filter>头文件</Filter>
    </ClInclude>
    <ClInclude Include="海中鱼巣\线程\线程生命周期.数据.h">
      <Filter>头文件</Filter>
    </ClInclude>
    <ClInclude Include="海中鱼巣\线程\支持线程候选.数据.h">
      <Filter>头文件</Filter>
    </ClInclude>
    <ClInclude Include="海中鱼巣\线程\事件日志线程.数据.h">
      <Filter>头文件</Filter>
    </ClInclude>
    <ClInclude Include="海中鱼巣\核心\句柄.h">
      <Filter>头文件</Filter>
    </ClInclude>
    <ClInclude Include="海中鱼巣\核心\L1事实基座.数据.h">
      <Filter>头文件</Filter>
    </ClInclude>
    <ClInclude Include="海中鱼巣\核心\L1所有者范围CRUD.数据.h">
      <Filter>头文件</Filter>
    </ClInclude>
    <ClInclude Include="海中鱼巣\核心\L1中性CRUD.数据.h">
      <Filter>头文件</Filter>
    </ClInclude>
    <ClInclude Include="海中鱼巣\核心\日志系统.h">
      <Filter>头文件</Filter>
    </ClInclude>
    <ClInclude Include="海中鱼巣\核心\容错检查.h">
      <Filter>头文件</Filter>
    </ClInclude>
    <ClInclude Include="海中鱼巣\领域\内部治理\任务特征方法查找与条件提议.数据.h">
      <Filter>头文件</Filter>
    </ClInclude>
    <ClInclude Include="海中鱼巣\领域\内部治理\任务筹办当前就绪与执行冻结.数据.h">
      <Filter>头文件</Filter>
    </ClInclude>
    <ClInclude Include="海中鱼巣\领域\内部治理\任务重筹办.数据.h">
      <Filter>头文件</Filter>
    </ClInclude>
    <ClInclude Include="海中鱼巣\领域\内部治理\任务初次筹办.数据.h">
      <Filter>头文件</Filter>
    </ClInclude>
    <ClInclude Include="海中鱼巣\领域\内部治理\任务子目标回流重判.数据.h">
      <Filter>头文件</Filter>
    </ClInclude>
    <ClInclude Include="海中鱼巣\领域\L2治理函数骨架.数据.h">
      <Filter>头文件</Filter>
    </ClInclude>
    <ClInclude Include="海中鱼巣\领域\运行期只读查询.数据.h">
      <Filter>头文件</Filter>
    </ClInclude>
  </ItemGroup>
</Project>
