<?xml version="1.0" encoding="utf-8"?>
<Project ToolsVersion="4.0" xmlns="http://schemas.microsoft.com/developer/msbuild/2003">
  <ItemGroup>
    <Filter Include="源文件">
      <UniqueIdentifier>{4FC737F1-C7A5-4376-A066-2A32D752A2FF}</UniqueIdentifier>
      <Extensions>cpp;c;cc;cxx;c++;cppm;ixx;def;odl;idl;hpj;bat;asm;asmx</Extensions>
    </Filter>
    <Filter Include="头文件">
      <UniqueIdentifier>{93995380-89BD-4b04-88EB-625FBE52EBFB}</UniqueIdentifier>
      <Extensions>h;hh;hpp;hxx;h++;hm;inl;inc;ipp;xsd</Extensions>
    </Filter>
    <Filter Include="资源文件">
      <UniqueIdentifier>{67DA6AB6-F800-4c08-8B7A-83BB121AAD01}</UniqueIdentifier>
      <Extensions>rc;ico;cur;bmp;dlg;rc2;rct;bin;rgs;gif;jpg;jpeg;jpe;resx;tiff;tif;png;wav;mfcribbon-ms</Extensions>
    </Filter>
  </ItemGroup>
  <ItemGroup>
    <ClCompile Include="海中鱼巣\自检.运行器.ixx">
      <Filter>源文件</Filter>
    </ClCompile>
    <ClCompile Include="海中鱼巣\自检.性能门禁分离.ixx">
      <Filter>源文件</Filter>
    </ClCompile>
    <ClCompile Include="海中鱼巣\装配.运行期业务.ixx">
      <Filter>源文件</Filter>
    </ClCompile>
    <ClCompile Include="海中鱼巣\启动.运行期上下文.ixx">
      <Filter>源文件</Filter>
    </ClCompile>
    <ClCompile Include="海中鱼巣\启动.生产运行期.ixx">
      <Filter>源文件</Filter>
    </ClCompile>
    <ClCompile Include="海中鱼巣\自检.生产运行期首发.ixx">
      <Filter>源文件</Filter>
    </ClCompile>
    <ClCompile Include="海中鱼巣\自检.运行期上下文.ixx">
      <Filter>源文件</Filter>
    </ClCompile>
    <ClCompile Include="海中鱼巣\自检.主装配事务.ixx">
      <Filter>源文件</Filter>
    </ClCompile>
    <ClCompile Include="海中鱼巣\自检.系统角色初始化.ixx">
      <Filter>源文件</Filter>
    </ClCompile>
    <ClCompile Include="海中鱼巣\领域\自检.概念活动所有权.ixx">
      <Filter>源文件</Filter>
    </ClCompile>
    <ClCompile Include="海中鱼巣\自检.运行期组合分层.ixx">
      <Filter>源文件</Filter>
    </ClCompile>
    <ClCompile Include="海中鱼巣\自检.运行期兼容请求.ixx">
      <Filter>源文件</Filter>
    </ClCompile>
    <ClCompile Include="海中鱼巣\自检.服务写入兼容边界.ixx">
      <Filter>源文件</Filter>
    </ClCompile>
    <ClCompile Include="海中鱼巣\自检.控制面板按需投影.ixx">
      <Filter>源文件</Filter>
    </ClCompile>
    <ClCompile Include="海中鱼巣\线程\运行消息协议.ixx">
      <Filter>源文件</Filter>
    </ClCompile>
    <ClCompile Include="海中鱼巣\适配\协议.D455采样材料.ixx">
      <Filter>源文件</Filter>
    </ClCompile>
    <ClCompile Include="海中鱼巣\适配\采集器.D455相机.ixx">
      <Filter>源文件</Filter>
    </ClCompile>
    <ClCompile Include="海中鱼巣\线程\缓存.D455帧材料.ixx">
      <Filter>源文件</Filter>
    </ClCompile>
    <ClCompile Include="海中鱼巣\线程\上行桥.D455采样材料.ixx">
      <Filter>源文件</Filter>
    </ClCompile>
    <ClCompile Include="海中鱼巣\线程\自检.D455采样材料.ixx">
      <Filter>源文件</Filter>
    </ClCompile>
    <ClCompile Include="海中鱼巣\适配\自检.D455真实样本.ixx">
      <Filter>源文件</Filter>
    </ClCompile>
    <ClCompile Include="海中鱼巣\线程\自我治理消息协议.ixx">
      <Filter>源文件</Filter>
    </ClCompile>
    <ClCompile Include="海中鱼巣\线程\协议.任务执行请求.ixx">
      <Filter>源文件</Filter>
    </ClCompile>
    <ClCompile Include="海中鱼巣\线程\任务结果回执协议.ixx">
      <Filter>源文件</Filter>
    </ClCompile>
    <ClCompile Include="海中鱼巣\领域\材料.动态模式.ixx">
      <Filter>源文件</Filter>
    </ClCompile>
    <ClCompile Include="海中鱼巣\领域\算法.动态模式.ixx">
      <Filter>源文件</Filter>
    </ClCompile>
    <ClCompile Include="海中鱼巣\领域\数据操作.动态模式.ixx">
      <Filter>源文件</Filter>
    </ClCompile>
    <ClCompile Include="海中鱼巣\领域\服务.动态模式.ixx">
      <Filter>源文件</Filter>
    </ClCompile>
    <ClCompile Include="海中鱼巣\领域\组合.动态观察.ixx">
      <Filter>源文件</Filter>
    </ClCompile>
    <ClCompile Include="海中鱼巣\领域\材料.因果模式.ixx">
      <Filter>源文件</Filter>
    </ClCompile>
    <ClCompile Include="海中鱼巣\领域\算法.因果模式.ixx">
      <Filter>源文件</Filter>
    </ClCompile>
    <ClCompile Include="海中鱼巣\领域\服务.因果模式.ixx">
      <Filter>源文件</Filter>
    </ClCompile>
    <ClCompile Include="海中鱼巣\领域\材料.用途事件.ixx">
      <Filter>源文件</Filter>
    </ClCompile>
    <ClCompile Include="海中鱼巣\领域\算法.用途事件.ixx">
      <Filter>源文件</Filter>
    </ClCompile>
    <ClCompile Include="海中鱼巣\领域\服务.用途事件.ixx">
      <Filter>源文件</Filter>
    </ClCompile>
    <ClCompile Include="海中鱼巣\领域\组合.用途事件.ixx">
      <Filter>源文件</Filter>
    </ClCompile>
    <ClCompile Include="海中鱼巣\领域\自检.用途事件.ixx">
      <Filter>源文件</Filter>
    </ClCompile>
    <ClCompile Include="海中鱼巣\领域\自检.因果完整结构键.ixx">
      <Filter>源文件</Filter>
    </ClCompile>
    <ClCompile Include="海中鱼巣\领域\材料.用途观察.ixx">
      <Filter>源文件</Filter>
    </ClCompile>
    <ClCompile Include="海中鱼巣\领域\算法.用途观察.ixx">
      <Filter>源文件</Filter>
    </ClCompile>
    <ClCompile Include="海中鱼巣\领域\自检.用途观察.ixx">
      <Filter>源文件</Filter>
    </ClCompile>
    <ClCompile Include="海中鱼巣\领域\数据操作.用途观察.ixx">
      <Filter>源文件</Filter>
    </ClCompile>
    <ClCompile Include="海中鱼巣\领域\服务.用途观察.ixx">
      <Filter>源文件</Filter>
    </ClCompile>
    <ClCompile Include="海中鱼巣\领域\自检.用途观察结构.ixx">
      <Filter>源文件</Filter>
    </ClCompile>
    <ClCompile Include="海中鱼巣\领域\自检.动态模式.ixx">
      <Filter>源文件</Filter>
    </ClCompile>
    <ClCompile Include="海中鱼巣\领域\自检.动态聚类.ixx">
      <Filter>源文件</Filter>
    </ClCompile>
    <ClCompile Include="海中鱼巣\领域\自检.因果模式.ixx">
      <Filter>源文件</Filter>
    </ClCompile>
    <ClCompile Include="海中鱼巣\线程\有界自我治理队列.ixx">
      <Filter>源文件</Filter>
    </ClCompile>
    <ClCompile Include="海中鱼巣\线程\有界运行消息队列.ixx">
      <Filter>源文件</Filter>
    </ClCompile>
    <ClCompile Include="海中鱼巣\线程\运行宿主线程.ixx">
      <Filter>源文件</Filter>
    </ClCompile>
    <ClCompile Include="海中鱼巣\线程\任务管理线程.ixx">
      <Filter>源文件</Filter>
    </ClCompile>
    <ClCompile Include="海中鱼巣\线程\路由.任务执行调度.ixx">
      <Filter>源文件</Filter>
    </ClCompile>
    <ClCompile Include="海中鱼巣\线程\路由.任务结果治理.ixx">
      <Filter>源文件</Filter>
    </ClCompile>
    <ClCompile Include="海中鱼巣\线程\任务工作线程.ixx">
      <Filter>源文件</Filter>
    </ClCompile>
    <ClCompile Include="海中鱼巣\线程\自检.任务执行调度.ixx">
      <Filter>源文件</Filter>
    </ClCompile>
    <ClCompile Include="海中鱼巣\线程\自检.任务结果结算.ixx">
      <Filter>源文件</Filter>
    </ClCompile>
    <ClCompile Include="海中鱼巣\线程\任务管理上行桥.ixx">
      <Filter>源文件</Filter>
    </ClCompile>
    <ClCompile Include="海中鱼巣\线程\上行桥.概念命名治理.ixx">
      <Filter>源文件</Filter>
    </ClCompile>
    <ClCompile Include="海中鱼巣\线程\路由.概念命名治理.ixx">
      <Filter>源文件</Filter>
    </ClCompile>
    <ClCompile Include="海中鱼巣\线程\自检.概念命名治理.ixx">
      <Filter>源文件</Filter>
    </ClCompile>
    <ClCompile Include="海中鱼巣\线程\自检.概念命名需求.ixx">
      <Filter>源文件</Filter>
    </ClCompile>
    <ClCompile Include="海中鱼巣\领域\自检.概念生命周期.ixx">
      <Filter>源文件</Filter>
    </ClCompile>
    <ClCompile Include="海中鱼巣\领域\自检.概念删除候选.ixx">
      <Filter>源文件</Filter>
    </ClCompile>
    <ClCompile Include="海中鱼巣\领域\自检.概念清理适配.ixx">
      <Filter>源文件</Filter>
    </ClCompile>
    <ClCompile Include="海中鱼巣\领域\服务.概念安全删除.ixx">
      <Filter>源文件</Filter>
    </ClCompile>
    <ClCompile Include="海中鱼巣\领域\自检.概念安全删除.ixx">
      <Filter>源文件</Filter>
    </ClCompile>
    <ClCompile Include="海中鱼巣\领域\自检.概念删除后验.ixx">
      <Filter>源文件</Filter>
    </ClCompile>
    <ClCompile Include="海中鱼巣\领域\自检.概念命名目标.ixx">
      <Filter>源文件</Filter>
    </ClCompile>
    <ClCompile Include="海中鱼巣\领域\自检.任务生命周期初态.ixx">
      <Filter>源文件</Filter>
    </ClCompile>
    <ClCompile Include="海中鱼巣\领域\自检.任务生命周期迁移.ixx">
      <Filter>源文件</Filter>
    </ClCompile>
    <ClCompile Include="海中鱼巣\领域\自检.任务筹办选择.ixx">
      <Filter>源文件</Filter>
    </ClCompile>
    <ClCompile Include="海中鱼巣\线程\自检.自我治理闭环.ixx">
      <Filter>源文件</Filter>
    </ClCompile>
    <ClCompile Include="海中鱼巣\线程\自检.自我治理多轮.ixx">
      <Filter>源文件</Filter>
    </ClCompile>
    <ClCompile Include="海中鱼巣\线程\自检.自我治理回执.ixx">
      <Filter>源文件</Filter>
    </ClCompile>
    <ClCompile Include="海中鱼巣\线程\自检.运行线程.ixx">
      <Filter>源文件</Filter>
    </ClCompile>
    <ClCompile Include="海中鱼巣\线程\自检.自我治理协议.ixx">
      <Filter>源文件</Filter>
    </ClCompile>
    <ClCompile Include="海中鱼巣\线程\自我治理领域路由.ixx">
      <Filter>源文件</Filter>
    </ClCompile>
    <ClCompile Include="海中鱼巣\线程\缓存统计线程.ixx">
      <Filter>源文件</Filter>
    </ClCompile>
    <ClCompile Include="海中鱼巣\线程\事件日志线程.ixx">
      <Filter>源文件</Filter>
    </ClCompile>
    <ClCompile Include="海中鱼巣\线程\外设采样材料线程.ixx">
      <Filter>源文件</Filter>
    </ClCompile>
    <ClCompile Include="海中鱼巣\线程\自我线程.ixx">
      <Filter>源文件</Filter>
    </ClCompile>
    <ClCompile Include="海中鱼巣\入口.cpp">
      <Filter>源文件</Filter>
    </ClCompile>
    <ClCompile Include="海中鱼巣\核心\主信息仓库.cpp">
      <Filter>源文件</Filter>
    </ClCompile>
    <ClCompile Include="海中鱼巣\核心\节点仓库.cpp">
      <Filter>源文件</Filter>
    </ClCompile>
    <ClCompile Include="海中鱼巣\核心\关系仓库.cpp">
      <Filter>源文件</Filter>
    </ClCompile>
    <ClCompile Include="海中鱼巣\核心\索引仓库.cpp">
      <Filter>源文件</Filter>
    </ClCompile>
    <ClCompile Include="海中鱼巣\核心\写入事务.cpp">
      <Filter>源文件</Filter>
    </ClCompile>
    <ClCompile Include="海中鱼巣\核心\事件日志段服务.cpp">
      <Filter>源文件</Filter>
    </ClCompile>
    <ClCompile Include="海中鱼巣\核心\协调.结构事务.ixx">
      <Filter>源文件</Filter>
    </ClCompile>
    <ClCompile Include="海中鱼巣\核心\会话.结构写入.ixx">
      <Filter>源文件</Filter>
    </ClCompile>
    <ClCompile Include="海中鱼巣\核心\执行器.结构写入.ixx">
      <Filter>源文件</Filter>
    </ClCompile>
    <ClCompile Include="海中鱼巣\核心\自检.结构事务.ixx">
      <Filter>源文件</Filter>
    </ClCompile>
    <ClCompile Include="海中鱼巣\核心\自检.未发布身份候选.ixx">
      <Filter>源文件</Filter>
    </ClCompile>
    <ClCompile Include="海中鱼巣\核心\自检.仓库统一合同.ixx">
      <Filter>源文件</Filter>
    </ClCompile>
    <ClCompile Include="海中鱼巣\核心\自检.索引所有者声明.ixx">
      <Filter>源文件</Filter>
    </ClCompile>
    <ClCompile Include="海中鱼巣\核心\自检.仓库权威导出.ixx">
      <Filter>源文件</Filter>
    </ClCompile>
    <ClCompile Include="海中鱼巣\核心\自检.结构写入会话.ixx">
      <Filter>源文件</Filter>
    </ClCompile>
    <ClCompile Include="海中鱼巣\核心\自检.关系仓库性能基线.ixx">
      <Filter>源文件</Filter>
    </ClCompile>
    <ClCompile Include="海中鱼巣\领域\数据操作.存在场景.ixx">
      <Filter>源文件</Filter>
    </ClCompile>
    <ClCompile Include="海中鱼巣\领域\服务.存在.ixx">
      <Filter>源文件</Filter>
    </ClCompile>
    <ClCompile Include="海中鱼巣\领域\服务.场景.ixx">
      <Filter>源文件</Filter>
    </ClCompile>
    <ClCompile Include="海中鱼巣\领域\组合.存在场景.ixx">
      <Filter>源文件</Filter>
    </ClCompile>
    <ClCompile Include="海中鱼巣\领域\自检.存在场景分层.ixx">
      <Filter>源文件</Filter>
    </ClCompile>
    <ClCompile Include="海中鱼巣\领域\数据操作.状态动态.ixx">
      <Filter>源文件</Filter>
    </ClCompile>
    <ClCompile Include="海中鱼巣\领域\服务.状态.ixx">
      <Filter>源文件</Filter>
    </ClCompile>
    <ClCompile Include="海中鱼巣\领域\数据操作.概念活动.ixx">
      <Filter>源文件</Filter>
    </ClCompile>
    <ClCompile Include="海中鱼巣\领域\服务.概念活动.ixx">
      <Filter>源文件</Filter>
    </ClCompile>
    <ClCompile Include="海中鱼巣\领域\服务.动态.ixx">
      <Filter>源文件</Filter>
    </ClCompile>
    <ClCompile Include="海中鱼巣\领域\组合.状态动态.ixx">
      <Filter>源文件</Filter>
    </ClCompile>
    <ClCompile Include="海中鱼巣\领域\自检.状态动态分层.ixx">
      <Filter>源文件</Filter>
    </ClCompile>
    <ClCompile Include="海中鱼巣\领域\自检.存在状态同会话参与.ixx">
      <Filter>源文件</Filter>
    </ClCompile>
    <ClCompile Include="海中鱼巣\领域\参与者.特征值原始材料.ixx">
      <Filter>源文件</Filter>
    </ClCompile>
    <ClCompile Include="海中鱼巣\领域\数据操作.特征体系.ixx">
      <Filter>源文件</Filter>
    </ClCompile>
    <ClCompile Include="海中鱼巣\领域\服务.特征.ixx">
      <Filter>源文件</Filter>
    </ClCompile>
    <ClCompile Include="海中鱼巣\领域\服务.二次特征.ixx">
      <Filter>源文件</Filter>
    </ClCompile>
    <ClCompile Include="海中鱼巣\领域\组合.特征状态.ixx">
      <Filter>源文件</Filter>
    </ClCompile>
    <ClCompile Include="海中鱼巣\领域\自检.特征体系分层.ixx">
      <Filter>源文件</Filter>
    </ClCompile>
    <ClCompile Include="海中鱼巣\领域\自检.特征值原始材料事务.ixx">
      <Filter>源文件</Filter>
    </ClCompile>
    <ClCompile Include="海中鱼巣\领域\数据操作.语素基础.ixx">
      <Filter>源文件</Filter>
    </ClCompile>
    <ClCompile Include="海中鱼巣\领域\服务.基础信息.ixx">
      <Filter>源文件</Filter>
    </ClCompile>
    <ClCompile Include="海中鱼巣\领域\服务.语素.ixx">
      <Filter>源文件</Filter>
    </ClCompile>
    <ClCompile Include="海中鱼巣\领域\组合.语素概念入口.ixx">
      <Filter>源文件</Filter>
    </ClCompile>
    <ClCompile Include="海中鱼巣\领域\数据操作.轻量因果.ixx">
      <Filter>源文件</Filter>
    </ClCompile>
    <ClCompile Include="海中鱼巣\领域\服务.轻量因果.ixx">
      <Filter>源文件</Filter>
    </ClCompile>
    <ClCompile Include="海中鱼巣\领域\自检.语义基础分层.ixx">
      <Filter>源文件</Filter>
    </ClCompile>
    <ClCompile Include="海中鱼巣\领域\数据操作.概念图结构.ixx">
      <Filter>源文件</Filter>
    </ClCompile>
    <ClCompile Include="海中鱼巣\领域\服务.概念图结构.ixx">
      <Filter>源文件</Filter>
    </ClCompile>
    <ClCompile Include="海中鱼巣\领域\组合.概念结构发布.ixx">
      <Filter>源文件</Filter>
    </ClCompile>
    <ClCompile Include="海中鱼巣\领域\自检.概念图结构分层.ixx">
      <Filter>源文件</Filter>
    </ClCompile>
    <ClCompile Include="海中鱼巣\领域\数据操作.需求任务方法.ixx">
      <Filter>源文件</Filter>
    </ClCompile>
    <ClCompile Include="海中鱼巣\领域\数据操作.系统角色.ixx">
      <Filter>源文件</Filter>
    </ClCompile>
    <ClCompile Include="海中鱼巣\领域\初始化.系统角色.ixx">
      <Filter>源文件</Filter>
    </ClCompile>
    <ClCompile Include="海中鱼巣\领域\初始化.世界树.ixx">
      <Filter>源文件</Filter>
    </ClCompile>
    <ClCompile Include="海中鱼巣\领域\初始化.语素.ixx">
      <Filter>源文件</Filter>
    </ClCompile>
    <ClCompile Include="海中鱼巣\领域\初始化.概念图.ixx">
      <Filter>源文件</Filter>
    </ClCompile>
    <ClCompile Include="海中鱼巣\领域\初始化.需求.ixx">
      <Filter>源文件</Filter>
    </ClCompile>
    <ClCompile Include="海中鱼巣\领域\服务.需求.ixx">
      <Filter>源文件</Filter>
    </ClCompile>
    <ClCompile Include="海中鱼巣\领域\服务.任务.ixx">
      <Filter>源文件</Filter>
    </ClCompile>
    <ClCompile Include="海中鱼巣\领域\服务.方法.ixx">
      <Filter>源文件</Filter>
    </ClCompile>
    <ClCompile Include="海中鱼巣\领域\服务.方法召回.ixx">
      <Filter>源文件</Filter>
    </ClCompile>
    <ClCompile Include="海中鱼巣\领域\组合.需求任务方法.ixx">
      <Filter>源文件</Filter>
    </ClCompile>
    <ClCompile Include="海中鱼巣\领域\组合.任务执行.ixx">
      <Filter>源文件</Filter>
    </ClCompile>
    <ClCompile Include="海中鱼巣\领域\组合.任务结果结算.ixx">
      <Filter>源文件</Filter>
    </ClCompile>
    <ClCompile Include="海中鱼巣\领域\组合.运行期只读查询.ixx">
      <Filter>源文件</Filter>
    </ClCompile>
    <ClCompile Include="海中鱼巣\领域\组合.运行期业务操作.ixx">
      <Filter>源文件</Filter>
    </ClCompile>
    <ClCompile Include="海中鱼巣\领域\自检.需求任务方法分层.ixx">
      <Filter>源文件</Filter>
    </ClCompile>
    <ClCompile Include="海中鱼巣\领域\自检.方法动作场景关系.ixx">
      <Filter>源文件</Filter>
    </ClCompile>
    <ClCompile Include="海中鱼巣\线程\路由.运行期业务请求.ixx">
      <Filter>源文件</Filter>
    </ClCompile>
    <ClCompile Include="海中鱼巣\适配\查询.运行期只读.ixx">
      <Filter>源文件</Filter>
    </ClCompile>
  </ItemGroup>
  <ItemGroup>
    <ClInclude Include="海中鱼巣\领域\概念安全删除提交能力.数据.h">
      <Filter>头文件</Filter>
    </ClInclude>
    <ClInclude Include="海中鱼巣\生产运行期配置.数据.h">
      <Filter>头文件</Filter>
    </ClInclude>
    <ClInclude Include="海中鱼巣\领域\系统角色清单.数据.h">
      <Filter>头文件</Filter>
    </ClInclude>
    <ClInclude Include="海中鱼巣\领域\概念活动状态.数据.h">
      <Filter>头文件</Filter>
    </ClInclude>
    <ClInclude Include="海中鱼巣\核心\结构事务接线.数据.h">
      <Filter>头文件</Filter>
    </ClInclude>
    <ClInclude Include="海中鱼巣\核心\索引所有权.数据.h">
      <Filter>头文件</Filter>
    </ClInclude>
    <ClInclude Include="海中鱼巣\核心\权威冻结材料.数据.h">
      <Filter>头文件</Filter>
    </ClInclude>
    <ClInclude Include="海中鱼巣\核心\句柄.h">
      <Filter>头文件</Filter>
    </ClInclude>
    <ClInclude Include="海中鱼巣\核心\日志系统.h">
      <Filter>头文件</Filter>
    </ClInclude>
    <ClInclude Include="海中鱼巣\核心\事件日志段服务.h">
      <Filter>头文件</Filter>
    </ClInclude>
    <ClInclude Include="海中鱼巣\核心\容错检查.h">
      <Filter>头文件</Filter>
    </ClInclude>
    <ClInclude Include="海中鱼巣\核心\结果.结构写入.h">
      <Filter>头文件</Filter>
    </ClInclude>
    <ClInclude Include="海中鱼巣\核心\主信息仓库.h">
      <Filter>头文件</Filter>
    </ClInclude>
    <ClInclude Include="海中鱼巣\核心\节点仓库.h">
      <Filter>头文件</Filter>
    </ClInclude>
    <ClInclude Include="海中鱼巣\核心\关系仓库.h">
      <Filter>头文件</Filter>
    </ClInclude>
    <ClInclude Include="海中鱼巣\核心\索引仓库.h">
      <Filter>头文件</Filter>
    </ClInclude>
    <ClInclude Include="海中鱼巣\核心\写入事务.h">
      <Filter>头文件</Filter>
    </ClInclude>
    <ClInclude Include="海中鱼巣\领域\世界服务.h">
      <Filter>头文件</Filter>
    </ClInclude>
    <ClInclude Include="海中鱼巣\领域\存在服务.h">
      <Filter>头文件</Filter>
    </ClInclude>
    <ClInclude Include="海中鱼巣\领域\场景服务.h">
      <Filter>头文件</Filter>
    </ClInclude>
    <ClInclude Include="海中鱼巣\领域\状态服务.h">
      <Filter>头文件</Filter>
    </ClInclude>
    <ClInclude Include="海中鱼巣\领域\动态服务.h">
      <Filter>头文件</Filter>
    </ClInclude>
    <ClInclude Include="海中鱼巣\领域\二次特征服务.h">
      <Filter>头文件</Filter>
    </ClInclude>
    <ClInclude Include="海中鱼巣\领域\任务服务.h">
      <Filter>头文件</Filter>
    </ClInclude>
    <ClInclude Include="海中鱼巣\领域\方法服务.h">
      <Filter>头文件</Filter>
    </ClInclude>
    <ClInclude Include="海中鱼巣\领域\方法召回索引.h">
      <Filter>头文件</Filter>
    </ClInclude>
    <ClInclude Include="海中鱼巣\领域\方法召回服务.h">
      <Filter>头文件</Filter>
    </ClInclude>
    <ClInclude Include="海中鱼巣\领域\特征值服务.h">
      <Filter>头文件</Filter>
    </ClInclude>
    <ClInclude Include="海中鱼巣\领域\特征服务.h">
      <Filter>头文件</Filter>
    </ClInclude>
    <ClInclude Include="海中鱼巣\领域\因果服务.h">
      <Filter>头文件</Filter>
    </ClInclude>
    <ClInclude Include="海中鱼巣\领域\概念图算法.h">
      <Filter>头文件</Filter>
    </ClInclude>
    <ClInclude Include="海中鱼巣\领域\概念图服务.h">
      <Filter>头文件</Filter>
    </ClInclude>
    <ClInclude Include="海中鱼巣\领域\语素服务.h">
      <Filter>头文件</Filter>
    </ClInclude>
    <ClInclude Include="海中鱼巣\领域\需求服务.h">
      <Filter>头文件</Filter>
    </ClInclude>
  </ItemGroup>
</Project>
