<?xml version="1.0" encoding="utf-8"?>
<Project ToolsVersion="4.0" xmlns="http://schemas.microsoft.com/developer/msbuild/2003">
  <ItemGroup>
    <Filter Include="生产模块">
      <UniqueIdentifier>{28A3F6D7-0E1B-47D2-90C3-4E82974E7062}</UniqueIdentifier>
    </Filter>
    <Filter Include="验证入口">
      <UniqueIdentifier>{C81C60C2-887B-4BD3-A50B-E19EF08BD2F3}</UniqueIdentifier>
    </Filter>
  </ItemGroup>
  <ItemGroup>
    <ClCompile Include="..\海中鱼巣\核心\合同.L1公共事实.ixx"><Filter>生产模块</Filter></ClCompile>
    <ClCompile Include="..\海中鱼巣\核心\合同.L1所有者范围CRUD.ixx"><Filter>生产模块</Filter></ClCompile>
    <ClCompile Include="..\海中鱼巣\核心\合同.L1事实基座.ixx"><Filter>生产模块</Filter></ClCompile>
    <ClCompile Include="..\海中鱼巣\核心\合同.L1中性CRUD.ixx"><Filter>生产模块</Filter></ClCompile>
    <ClCompile Include="..\海中鱼巣\核心\仓库.L1事实基座.ixx"><Filter>生产模块</Filter></ClCompile>
    <ClCompile Include="..\海中鱼巣\核心\服务.L1事实基座.ixx"><Filter>生产模块</Filter></ClCompile>
    <ClCompile Include="L1所有者一致当前零守卫参数验证.cpp"><Filter>验证入口</Filter></ClCompile>
  </ItemGroup>
</Project>
